// !$*UTF8*$!
{
	archiveVersion = 1;
	classes = {
	};
	objectVersion = 77;
	objects = {

/* Begin PBXContainerItemProxy section */
		3B0C21B32D51AE2600F9890B /* PBXContainerItemProxy */ = {
			isa = PBXContainerItemProxy;
			containerPortal = 3B0C219A2D51AE2300F9890B /* Project object */;
			proxyType = 1;
			remoteGlobalIDString = 3B0C21A12D51AE2300F9890B;
			remoteInfo = SoftwareEngineeringApp;
		};
		3B0C21BD2D51AE2600F9890B /* PBXContainerItemProxy */ = {
			isa = PBXContainerItemProxy;
			containerPortal = 3B0C219A2D51AE2300F9890B /* Project object */;
			proxyType = 1;
			remoteGlobalIDString = 3B0C21A12D51AE2300F9890B;
			remoteInfo = SoftwareEngineeringApp;
		};
/* End PBXContainerItemProxy section */

/* Begin PBXFileReference section */
		3B0C21A22D51AE2300F9890B /* SoftwareEngineeringApp.app */ = {isa = PBXFileReference; explicitFileType = wrapper.application; includeInIndex = 0; path = SoftwareEngineeringApp.app; sourceTree = BUILT_PRODUCTS_DIR; };
		3B0C21B22D51AE2600F9890B /* SoftwareEngineeringAppTests.xctest */ = {isa = PBXFileReference; explicitFileType = wrapper.cfbundle; includeInIndex = 0; path = SoftwareEngineeringAppTests.xctest; sourceTree = BUILT_PRODUCTS_DIR; };
		3B0C21BC2D51AE2600F9890B /* SoftwareEngineeringAppUITests.xctest */ = {isa = PBXFileReference; explicitFileType = wrapper.cfbundle; includeInIndex = 0; path = SoftwareEngineeringAppUITests.xctest; sourceTree = BUILT_PRODUCTS_DIR; };
/* End PBXFileReference section */

/* Begin PBXFileSystemSynchronizedRootGroup section */
		3B0C21A42D51AE2300F9890B /* SoftwareEngineeringApp */ = {
			isa = PBXFileSystemSynchronizedRootGroup;
			path = SoftwareEngineeringApp;
			sourceTree = "<group>";
		};
		3B0C21B52D51AE2600F9890B /* SoftwareEngineeringAppTests */ = {
			isa = PBXFileSystemSynchronizedRootGroup;
			path = SoftwareEngineeringAppTests;
			sourceTree = "<group>";
		};
		3B0C21BF2D51AE2600F9890B /* SoftwareEngineeringAppUITests */ = {
			isa = PBXFileSystemSynchronizedRootGroup;
			path = SoftwareEngineeringAppUITests;
			sourceTree = "<group>";
		};
/* End PBXFileSystemSynchronizedRootGroup section */

/* Begin PBXFrameworksBuildPhase section */
		3B0C219F2D51AE2300F9890B /* Frameworks */ = {
			isa = PBXFrameworksBuildPhase;
			buildActionMask = 2147483647;
			files = (
			);
			runOnlyForDeploymentPostprocessing = 0;
		};
		3B0C21AF2D51AE2600F9890B /* Frameworks */ = {
			isa = PBXFrameworksBuildPhase;
			buildActionMask = 2147483647;
			files = (
			);
			runOnlyForDeploymentPostprocessing = 0;
		};
		3B0C21B92D51AE2600F9890B /* Frameworks */ = {
			isa = PBXFrameworksBuildPhase;
			buildActionMask = 2147483647;
			files = (
			);
			runOnlyForDeploymentPostprocessing = 0;
		};
/* End PBXFrameworksBuildPhase section */

/* Begin PBXGroup section */
		3B0C21992D51AE2300F9890B = {
			isa = PBXGroup;
			children = (
				3B0C21A42D51AE2300F9890B /* SoftwareEngineeringApp */,
				3B0C21B52D51AE2600F9890B /* SoftwareEngineeringAppTests */,
				3B0C21BF2D51AE2600F9890B /* SoftwareEngineeringAppUITests */,
				3B0C21A32D51AE2300F9890B /* Products */,
			);
			sourceTree = "<group>";
		};
		3B0C21A32D51AE2300F9890B /* Products */ = {
			isa = PBXGroup;
			children = (
				3B0C21A22D51AE2300F9890B /* SoftwareEngineeringApp.app */,
				3B0C21B22D51AE2600F9890B /* SoftwareEngineeringAppTests.xctest */,
				3B0C21BC2D51AE2600F9890B /* SoftwareEngineeringAppUITests.xctest */,
			);
			name = Products;
			sourceTree = "<group>";
		};
/* End PBXGroup section */

/* Begin PBXNativeTarget section */
		3B0C21A12D51AE2300F9890B /* SoftwareEngineeringApp */ = {
			isa = PBXNativeTarget;
			buildConfigurationList = 3B0C21C62D51AE2600F9890B /* Build configuration list for PBXNativeTarget "SoftwareEngineeringApp" */;
			buildPhases = (
				3B0C219E2D51AE2300F9890B /* Sources */,
				3B0C219F2D51AE2300F9890B /* Frameworks */,
				3B0C21A02D51AE2300F9890B /* Resources */,
			);
			buildRules = (
			);
			dependencies = (
			);
			fileSystemSynchronizedGroups = (
				3B0C21A42D51AE2300F9890B /* SoftwareEngineeringApp */,
			);
			name = SoftwareEngineeringApp;
			packageProductDependencies = (
			);
			productName = SoftwareEngineeringApp;
			productReference = 3B0C21A22D51AE2300F9890B /* SoftwareEngineeringApp.app */;
			productType = "com.apple.product-type.application";
		};
		3B0C21B12D51AE2600F9890B /* SoftwareEngineeringAppTests */ = {
			isa = PBXNativeTarget;
			buildConfigurationList = 3B0C21C92D51AE2600F9890B /* Build configuration list for PBXNativeTarget "SoftwareEngineeringAppTests" */;
			buildPhases = (
				3B0C21AE2D51AE2600F9890B /* Sources */,
				3B0C21AF2D51AE2600F9890B /* Frameworks */,
				3B0C21B02D51AE2600F9890B /* Resources */,
			);
			buildRules = (
			);
			dependencies = (
				3B0C21B42D51AE2600F9890B /* PBXTargetDependency */,
			);
			fileSystemSynchronizedGroups = (
				3B0C21B52D51AE2600F9890B /* SoftwareEngineeringAppTests */,
			);
			name = SoftwareEngineeringAppTests;
			packageProductDependencies = (
			);
			productName = SoftwareEngineeringAppTests;
			productReference = 3B0C21B22D51AE2600F9890B /* SoftwareEngineeringAppTests.xctest */;
			productType = "com.apple.product-type.bundle.unit-test";
		};
		3B0C21BB2D51AE2600F9890B /* SoftwareEngineeringAppUITests */ = {
			isa = PBXNativeTarget;
			buildConfigurationList = 3B0C21CC2D51AE2600F9890B /* Build configuration list for PBXNativeTarget "SoftwareEngineeringAppUITests" */;
			buildPhases = (
				3B0C21B82D51AE2600F9890B /* Sources */,
				3B0C21B92D51AE2600F9890B /* Frameworks */,
				3B0C21BA2D51AE2600F9890B /* Resources */,
			);
			buildRules = (
			);
			dependencies = (
				3B0C21BE2D51AE2600F9890B /* PBXTargetDependency */,
			);
			fileSystemSynchronizedGroups = (
				3B0C21BF2D51AE2600F9890B /* SoftwareEngineeringAppUITests */,
			);
			name = SoftwareEngineeringAppUITests;
			packageProductDependencies = (
			);
			productName = SoftwareEngineeringAppUITests;
			productReference = 3B0C21BC2D51AE2600F9890B /* SoftwareEngineeringAppUITests.xctest */;
			productType = "com.apple.product-type.bundle.ui-testing";
		};
/* End PBXNativeTarget section */

/* Begin PBXProject section */
		3B0C219A2D51AE2300F9890B /* Project object */ = {
			isa = PBXProject;
			attributes = {
				BuildIndependentTargetsInParallel = 1;
				LastSwiftUpdateCheck = 1620;
				LastUpgradeCheck = 1620;
				TargetAttributes = {
					3B0C21A12D51AE2300F9890B = {
						CreatedOnToolsVersion = 16.2;
					};
					3B0C21B12D51AE2600F9890B = {
						CreatedOnToolsVersion = 16.2;
						TestTargetID = 3B0C21A12D51AE2300F9890B;
					};
					3B0C21BB2D51AE2600F9890B = {
						CreatedOnToolsVersion = 16.2;
						TestTargetID = 3B0C21A12D51AE2300F9890B;
					};
				};
			};
			buildConfigurationList = 3B0C219D2D51AE2300F9890B /* Build configuration list for PBXProject "SoftwareEngineeringApp" */;
			developmentRegion = en;
			hasScannedForEncodings = 0;
			knownRegions = (
				en,
				Base,
			);
			mainGroup = 3B0C21992D51AE2300F9890B;
			minimizedProjectReferenceProxies = 1;
			preferredProjectObjectVersion = 77;
			productRefGroup = 3B0C21A32D51AE2300F9890B /* Products */;
			projectDirPath = "";
			projectRoot = "";
			targets = (
				3B0C21A12D51AE2300F9890B /* SoftwareEngineeringApp */,
				3B0C21B12D51AE2600F9890B /* SoftwareEngineeringAppTests */,
				3B0C21BB2D51AE2600F9890B /* SoftwareEngineeringAppUITests */,
			);
		};
/* End PBXProject section */

/* Begin PBXResourcesBuildPhase section */
		3B0C21A02D51AE2300F9890B /* Resources */ = {
			isa = PBXResourcesBuildPhase;
			buildActionMask = 2147483647;
			files = (
			);
			runOnlyForDeploymentPostprocessing = 0;
		};
		3B0C21B02D51AE2600F9890B /* Resources */ = {
			isa = PBXResourcesBuildPhase;
			buildActionMask = 2147483647;
			files = (
			);
			runOnlyForDeploymentPostprocessing = 0;
		};
		3B0C21BA2D51AE2600F9890B /* Resources */ = {
			isa = PBXResourcesBuildPhase;
			buildActionMask = 2147483647;
			files = (
			);
			runOnlyForDeploymentPostprocessing = 0;
		};
/* End PBXResourcesBuildPhase section */

/* Begin PBXSourcesBuildPhase section */
		3B0C219E2D51AE2300F9890B /* Sources */ = {
			isa = PBXSourcesBuildPhase;
			buildActionMask = 2147483647;
			files = (
			);
			runOnlyForDeploymentPostprocessing = 0;
		};
		3B0C21AE2D51AE2600F9890B /* Sources */ = {
			isa = PBXSourcesBuildPhase;
			buildActionMask = 2147483647;
			files = (
			);
			runOnlyForDeploymentPostprocessing = 0;
		};
		3B0C21B82D51AE2600F9890B /* Sources */ = {
			isa = PBXSourcesBuildPhase;
			buildActionMask = 2147483647;
			files = (
			);
			runOnlyForDeploymentPostprocessing = 0;
		};
/* End PBXSourcesBuildPhase section */

/* Begin PBXTargetDependency section */
		3B0C21B42D51AE2600F9890B /* PBXTargetDependency */ = {
			isa = PBXTargetDependency;
			target = 3B0C21A12D51AE2300F9890B /* SoftwareEngineeringApp */;
			targetProxy = 3B0C21B32D51AE2600F9890B /* PBXContainerItemProxy */;
		};
		3B0C21BE2D51AE2600F9890B /* PBXTargetDependency */ = {
			isa = PBXTargetDependency;
			target = 3B0C21A12D51AE2300F9890B /* SoftwareEngineeringApp */;
			targetProxy = 3B0C21BD2D51AE2600F9890B /* PBXContainerItemProxy */;
		};
/* End PBXTargetDependency section */

/* Begin XCBuildConfiguration section */
		3B0C21C42D51AE2600F9890B /* Debug */ = {
			isa = XCBuildConfiguration;
			buildSettings = {
				ALWAYS_SEARCH_USER_PATHS = NO;
				ASSETCATALOG_COMPILER_GENERATE_SWIFT_ASSET_SYMBOL_EXTENSIONS = YES;
				CLANG_ANALYZER_NONNULL = YES;
				CLANG_ANALYZER_NUMBER_OBJECT_CONVERSION = YES_AGGRESSIVE;
				CLANG_CXX_LANGUAGE_STANDARD = "gnu++20";
				CLANG_ENABLE_MODULES = YES;
				CLANG_ENABLE_OBJC_ARC = YES;
				CLANG_ENABLE_OBJC_WEAK = YES;
				CLANG_WARN_BLOCK_CAPTURE_AUTORELEASING = YES;
				CLANG_WARN_BOOL_CONVERSION = YES;
				CLANG_WARN_COMMA = YES;
				CLANG_WARN_CONSTANT_CONVERSION = YES;
				CLANG_WARN_DEPRECATED_OBJC_IMPLEMENTATIONS = YES;
				CLANG_WARN_DIRECT_OBJC_ISA_USAGE = YES_ERROR;
				CLANG_WARN_DOCUMENTATION_COMMENTS = YES;
				CLANG_WARN_EMPTY_BODY = YES;
				CLANG_WARN_ENUM_CONVERSION = YES;
				CLANG_WARN_INFINITE_RECURSION = YES;
				CLANG_WARN_INT_CONVERSION = YES;
				CLANG_WARN_NON_LITERAL_NULL_CONVERSION = YES;
				CLANG_WARN_OBJC_IMPLICIT_RETAIN_SELF = YES;
				CLANG_WARN_OBJC_LITERAL_CONVERSION = YES;
				CLANG_WARN_OBJC_ROOT_CLASS = YES_ERROR;
				CLANG_WARN_QUOTED_INCLUDE_IN_FRAMEWORK_HEADER = YES;
				CLANG_WARN_RANGE_LOOP_ANALYSIS = YES;
				CLANG_WARN_STRICT_PROTOTYPES = YES;
				CLANG_WARN_SUSPICIOUS_MOVE = YES;
				CLANG_WARN_UNGUARDED_AVAILABILITY = YES_AGGRESSIVE;
				CLANG_WARN_UNREACHABLE_CODE = YES;
				CLANG_WARN__DUPLICATE_METHOD_MATCH = YES;
				COPY_PHASE_STRIP = NO;
				DEBUG_INFORMATION_FORMAT = dwarf;
				ENABLE_STRICT_OBJC_MSGSEND = YES;
				ENABLE_TESTABILITY = YES;
				ENABLE_USER_SCRIPT_SANDBOXING = YES;
				GCC_C_LANGUAGE_STANDARD = gnu17;
				GCC_DYNAMIC_NO_PIC = NO;
				GCC_NO_COMMON_BLOCKS = YES;
				GCC_OPTIMIZATION_LEVEL = 0;
				GCC_PREPROCESSOR_DEFINITIONS = (
					"DEBUG=1",
					"$(inherited)",
				);
				GCC_WARN_64_TO_32_BIT_CONVERSION = YES;
				GCC_WARN_ABOUT_RETURN_TYPE = YES_ERROR;
				GCC_WARN_UNDECLARED_SELECTOR = YES;
				GCC_WARN_UNINITIALIZED_AUTOS = YES_AGGRESSIVE;
				GCC_WARN_UNUSED_FUNCTION = YES;
				GCC_WARN_UNUSED_VARIABLE = YES;
				IPHONEOS_DEPLOYMENT_TARGET = 18.2;
				LOCALIZATION_PREFERS_STRING_CATALOGS = YES;
				MTL_ENABLE_DEBUG_INFO = INCLUDE_SOURCE;
				MTL_FAST_MATH = YES;
				ONLY_ACTIVE_ARCH = YES;
				SDKROOT = iphoneos;
				SWIFT_ACTIVE_COMPILATION_CONDITIONS = "DEBUG $(inherited)";
				SWIFT_OPTIMIZATION_LEVEL = "-Onone";
			};
			name = Debug;
		};
		3B0C21C52D51AE2600F9890B /* Release */ = {
			isa = XCBuildConfiguration;
			buildSettings = {
				ALWAYS_SEARCH_USER_PATHS = NO;
				ASSETCATALOG_COMPILER_GENERATE_SWIFT_ASSET_SYMBOL_EXTENSIONS = YES;
				CLANG_ANALYZER_NONNULL = YES;
				CLANG_ANALYZER_NUMBER_OBJECT_CONVERSION = YES_AGGRESSIVE;
				CLANG_CXX_LANGUAGE_STANDARD = "gnu++20";
				CLANG_ENABLE_MODULES = YES;
				CLANG_ENABLE_OBJC_ARC = YES;
				CLANG_ENABLE_OBJC_WEAK = YES;
				CLANG_WARN_BLOCK_CAPTURE_AUTORELEASING = YES;
				CLANG_WARN_BOOL_CONVERSION = YES;
				CLANG_WARN_COMMA = YES;
				CLANG_WARN_CONSTANT_CONVERSION = YES;
				CLANG_WARN_DEPRECATED_OBJC_IMPLEMENTATIONS = YES;
				CLANG_WARN_DIRECT_OBJC_ISA_USAGE = YES_ERROR;
				CLANG_WARN_DOCUMENTATION_COMMENTS = YES;
				CLANG_WARN_EMPTY_BODY = YES;
				CLANG_WARN_ENUM_CONVERSION = YES;
				CLANG_WARN_INFINITE_RECURSION = YES;
				CLANG_WARN_INT_CONVERSION = YES;
				CLANG_WARN_NON_LITERAL_NULL_CONVERSION = YES;
				CLANG_WARN_OBJC_IMPLICIT_RETAIN_SELF = YES;
				CLANG_WARN_OBJC_LITERAL_CONVERSION = YES;
				CLANG_WARN_OBJC_ROOT_CLASS = YES_ERROR;
				CLANG_WARN_QUOTED_INCLUDE_IN_FRAMEWORK_HEADER = YES;
				CLANG_WARN_RANGE_LOOP_ANALYSIS = YES;
				CLANG_WARN_STRICT_PROTOTYPES = YES;
				CLANG_WARN_SUSPICIOUS_MOVE = YES;
				CLANG_WARN_UNGUARDED_AVAILABILITY = YES_AGGRESSIVE;
				CLANG_WARN_UNREACHABLE_CODE = YES;
				CLANG_WARN__DUPLICATE_METHOD_MATCH = YES;
				COPY_PHASE_STRIP = NO;
				DEBUG_INFORMATION_FORMAT = "dwarf-with-dsym";
				ENABLE_NS_ASSERTIONS = NO;
				ENABLE_STRICT_OBJC_MSGSEND = YES;
				ENABLE_USER_SCRIPT_SANDBOXING = YES;
				GCC_C_LANGUAGE_STANDARD = gnu17;
				GCC_NO_COMMON_BLOCKS = YES;
				GCC_WARN_64_TO_32_BIT_CONVERSION = YES;
				GCC_WARN_ABOUT_RETURN_TYPE = YES_ERROR;
				GCC_WARN_UNDECLARED_SELECTOR = YES;
				GCC_WARN_UNINITIALIZED_AUTOS = YES_AGGRESSIVE;
				GCC_WARN_UNUSED_FUNCTION = YES;
				GCC_WARN_UNUSED_VARIABLE = YES;
				IPHONEOS_DEPLOYMENT_TARGET = 18.2;
				LOCALIZATION_PREFERS_STRING_CATALOGS = YES;
				MTL_ENABLE_DEBUG_INFO = NO;
				MTL_FAST_MATH = YES;
				SDKROOT = iphoneos;
				SWIFT_COMPILATION_MODE = wholemodule;
				VALIDATE_PRODUCT = YES;
			};
			name = Release;
		};
		3B0C21C72D51AE2600F9890B /* Debug */ = {
			isa = XCBuildConfiguration;
			buildSettings = {
				ASSETCATALOG_COMPILER_APPICON_NAME = AppIcon;
				ASSETCATALOG_COMPILER_GLOBAL_ACCENT_COLOR_NAME = AccentColor;
				CODE_SIGN_STYLE = Automatic;
				CURRENT_PROJECT_VERSION = 1;
				DEVELOPMENT_ASSET_PATHS = "\"SoftwareEngineeringApp/Preview Content\"";
				ENABLE_PREVIEWS = YES;
				GENERATE_INFOPLIST_FILE = YES;
				INFOPLIST_KEY_UIApplicationSceneManifest_Generation = YES;
				INFOPLIST_KEY_UIApplicationSupportsIndirectInputEvents = YES;
				INFOPLIST_KEY_UILaunchScreen_Generation = YES;
				INFOPLIST_KEY_UISupportedInterfaceOrientations_iPad = "UIInterfaceOrientationPortrait UIInterfaceOrientationPortraitUpsideDown UIInterfaceOrientationLandscapeLeft UIInterfaceOrientationLandscapeRight";
				INFOPLIST_KEY_UISupportedInterfaceOrientations_iPhone = "UIInterfaceOrientationPortrait UIInterfaceOrientationLandscapeLeft UIInterfaceOrientationLandscapeRight";
				LD_RUNPATH_SEARCH_PATHS = (
					"$(inherited)",
					"@executable_path/Frameworks",
				);
				MARKETING_VERSION = 1.0;
				PRODUCT_BUNDLE_IDENTIFIER = idk.SoftwareEngineeringApp;
				PRODUCT_NAME = "$(TARGET_NAME)";
				SWIFT_EMIT_LOC_STRINGS = YES;
				SWIFT_VERSION = 5.0;
				TARGETED_DEVICE_FAMILY = "1,2";
			};
			name = Debug;
		};
		3B0C21C82D51AE2600F9890B /* Release */ = {
			isa = XCBuildConfiguration;
			buildSettings = {
				ASSETCATALOG_COMPILER_APPICON_NAME = AppIcon;
				ASSETCATALOG_COMPILER_GLOBAL_ACCENT_COLOR_NAME = AccentColor;
				CODE_SIGN_STYLE = Automatic;
				CURRENT_PROJECT_VERSION = 1;
				DEVELOPMENT_ASSET_PATHS = "\"SoftwareEngineeringApp/Preview Content\"";
				ENABLE_PREVIEWS = YES;
				GENERATE_INFOPLIST_FILE = YES;
				INFOPLIST_KEY_UIApplicationSceneManifest_Generation = YES;
				INFOPLIST_KEY_UIApplicationSupportsIndirectInputEvents = YES;
				INFOPLIST_KEY_UILaunchScreen_Generation = YES;
				INFOPLIST_KEY_UISupportedInterfaceOrientations_iPad = "UIInterfaceOrientationPortrait UIInterfaceOrientationPortraitUpsideDown UIInterfaceOrientationLandscapeLeft UIInterfaceOrientationLandscapeRight";
				INFOPLIST_KEY_UISupportedInterfaceOrientations_iPhone = "UIInterfaceOrientationPortrait UIInterfaceOrientationLandscapeLeft UIInterfaceOrientationLandscapeRight";
				LD_RUNPATH_SEARCH_PATHS = (
					"$(inherited)",
					"@executable_path/Frameworks",
				);
				MARKETING_VERSION = 1.0;
				PRODUCT_BUNDLE_IDENTIFIER = idk.SoftwareEngineeringApp;
				PRODUCT_NAME = "$(TARGET_NAME)";
				SWIFT_EMIT_LOC_STRINGS = YES;
				SWIFT_VERSION = 5.0;
				TARGETED_DEVICE_FAMILY = "1,2";
			};
			name = Release;
		};
		3B0C21CA2D51AE2600F9890B /* Debug */ = {
			isa = XCBuildConfiguration;
			buildSettings = {
				BUNDLE_LOADER = "$(TEST_HOST)";
				CODE_SIGN_STYLE = Automatic;
				CURRENT_PROJECT_VERSION = 1;
				GENERATE_INFOPLIST_FILE = YES;
				IPHONEOS_DEPLOYMENT_TARGET = 18.2;
				MARKETING_VERSION = 1.0;
				PRODUCT_BUNDLE_IDENTIFIER = idk.SoftwareEngineeringAppTests;
				PRODUCT_NAME = "$(TARGET_NAME)";
				SWIFT_EMIT_LOC_STRINGS = NO;
				SWIFT_VERSION = 5.0;
				TARGETED_DEVICE_FAMILY = "1,2";
				TEST_HOST = "$(BUILT_PRODUCTS_DIR)/SoftwareEngineeringApp.app/$(BUNDLE_EXECUTABLE_FOLDER_PATH)/SoftwareEngineeringApp";
			};
			name = Debug;
		};
		3B0C21CB2D51AE2600F9890B /* Release */ = {
			isa = XCBuildConfiguration;
			buildSettings = {
				BUNDLE_LOADER = "$(TEST_HOST)";
				CODE_SIGN_STYLE = Automatic;
				CURRENT_PROJECT_VERSION = 1;
				GENERATE_INFOPLIST_FILE = YES;
				IPHONEOS_DEPLOYMENT_TARGET = 18.2;
				MARKETING_VERSION = 1.0;
				PRODUCT_BUNDLE_IDENTIFIER = idk.SoftwareEngineeringAppTests;
				PRODUCT_NAME = "$(TARGET_NAME)";
				SWIFT_EMIT_LOC_STRINGS = NO;
				SWIFT_VERSION = 5.0;
				TARGETED_DEVICE_FAMILY = "1,2";
				TEST_HOST = "$(BUILT_PRODUCTS_DIR)/SoftwareEngineeringApp.app/$(BUNDLE_EXECUTABLE_FOLDER_PATH)/SoftwareEngineeringApp";
			};
			name = Release;
		};
		3B0C21CD2D51AE2600F9890B /* Debug */ = {
			isa = XCBuildConfiguration;
			buildSettings = {
				CODE_SIGN_STYLE = Automatic;
				CURRENT_PROJECT_VERSION = 1;
				GENERATE_INFOPLIST_FILE = YES;
				MARKETING_VERSION = 1.0;
				PRODUCT_BUNDLE_IDENTIFIER = idk.SoftwareEngineeringAppUITests;
				PRODUCT_NAME = "$(TARGET_NAME)";
				SWIFT_EMIT_LOC_STRINGS = NO;
				SWIFT_VERSION = 5.0;
				TARGETED_DEVICE_FAMILY = "1,2";
				TEST_TARGET_NAME = SoftwareEngineeringApp;
			};
			name = Debug;
		};
		3B0C21CE2D51AE2600F9890B /* Release */ = {
			isa = XCBuildConfiguration;
			buildSettings = {
				CODE_SIGN_STYLE = Automatic;
				CURRENT_PROJECT_VERSION = 1;
				GENERATE_INFOPLIST_FILE = YES;
				MARKETING_VERSION = 1.0;
				PRODUCT_BUNDLE_IDENTIFIER = idk.SoftwareEngineeringAppUITests;
				PRODUCT_NAME = "$(TARGET_NAME)";
				SWIFT_EMIT_LOC_STRINGS = NO;
				SWIFT_VERSION = 5.0;
				TARGETED_DEVICE_FAMILY = "1,2";
				TEST_TARGET_NAME = SoftwareEngineeringApp;
			};
			name = Release;
		};
/* End XCBuildConfiguration section */

/* Begin XCConfigurationList section */
		3B0C219D2D51AE2300F9890B /* Build configuration list for PBXProject "SoftwareEngineeringApp" */ = {
			isa = XCConfigurationList;
			buildConfigurations = (
				3B0C21C42D51AE2600F9890B /* Debug */,
				3B0C21C52D51AE2600F9890B /* Release */,
			);
			defaultConfigurationIsVisible = 0;
			defaultConfigurationName = Release;
		};
		3B0C21C62D51AE2600F9890B /* Build configuration list for PBXNativeTarget "SoftwareEngineeringApp" */ = {
			isa = XCConfigurationList;
			buildConfigurations = (
				3B0C21C72D51AE2600F9890B /* Debug */,
				3B0C21C82D51AE2600F9890B /* Release */,
			);
			defaultConfigurationIsVisible = 0;
			defaultConfigurationName = Release;
		};
		3B0C21C92D51AE2600F9890B /* Build configuration list for PBXNativeTarget "SoftwareEngineeringAppTests" */ = {
			isa = XCConfigurationList;
			buildConfigurations = (
				3B0C21CA2D51AE2600F9890B /* Debug */,
				3B0C21CB2D51AE2600F9890B /* Release */,
			);
			defaultConfigurationIsVisible = 0;
			defaultConfigurationName = Release;
		};
		3B0C21CC2D51AE2600F9890B /* Build configuration list for PBXNativeTarget "SoftwareEngineeringAppUITests" */ = {
			isa = XCConfigurationList;
			buildConfigurations = (
				3B0C21CD2D51AE2600F9890B /* Debug */,
				3B0C21CE2D51AE2600F9890B /* Release */,
			);
			defaultConfigurationIsVisible = 0;
			defaultConfigurationName = Release;
		};
/* End XCConfigurationList section */
	};
	rootObject = 3B0C219A2D51AE2300F9890B /* Project object */;
}
